
Microsoft Visual Studio Solution File, Format Version 12.00
# Visual Studio 15
VisualStudioVersion = 15.0.26124.0
MinimumVisualStudioVersion = 15.0.26124.0
Project("{FAE04EC0-301F-11D3-BF4B-00C04F79EFBC}") = "RazorPagesProject", "RazorPagesProject\RazorPagesProject.csproj", "{381838F3-F29D-42BD-826F-2F3E94FD9EF8}"
EndProject
Project("{FAE04EC0-301F-11D3-BF4B-00C04F79EFBC}") = "RazorPagesProject.Tests", "RazorPagesProject.Tests\RazorPagesProject.Tests.csproj", "{A379D6DF-18D6-4852-A3E0-9180DA02AA01}"
EndProject
Global
	GlobalSection(SolutionConfigurationPlatforms) = preSolution
		Debug|Any CPU = Debug|Any CPU
		Debug|x64 = Debug|x64
		Debug|x86 = Debug|x86
		Release|Any CPU = Release|Any CPU
		Release|x64 = Release|x64
		Release|x86 = Release|x86
	EndGlobalSection
	GlobalSection(SolutionProperties) = preSolution
		HideSolutionNode = FALSE
	EndGlobalSection
	GlobalSection(ProjectConfigurationPlatforms) = postSolution
		{381838F3-F29D-42BD-826F-2F3E94FD9EF8}.Debug|Any CPU.ActiveCfg = Debug|Any CPU
		{381838F3-F29D-42BD-826F-2F3E94FD9EF8}.Debug|Any CPU.Build.0 = Debug|Any CPU
		{381838F3-F29D-42BD-826F-2F3E94FD9EF8}.Debug|x64.ActiveCfg = Debug|Any CPU
		{381838F3-F29D-42BD-826F-2F3E94FD9EF8}.Debug|x64.Build.0 = Debug|Any CPU
		{381838F3-F29D-42BD-826F-2F3E94FD9EF8}.Debug|x86.ActiveCfg = Debug|Any CPU
		{381838F3-F29D-42BD-826F-2F3E94FD9EF8}.Debug|x86.Build.0 = Debug|Any CPU
		{381838F3-F29D-42BD-826F-2F3E94FD9EF8}.Release|Any CPU.ActiveCfg = Release|Any CPU
		{381838F3-F29D-42BD-826F-2F3E94FD9EF8}.Release|Any CPU.Build.0 = Release|Any CPU
		{381838F3-F29D-42BD-826F-2F3E94FD9EF8}.Release|x64.ActiveCfg = Release|Any CPU
		{381838F3-F29D-42BD-826F-2F3E94FD9EF8}.Release|x64.Build.0 = Release|Any CPU
		{381838F3-F29D-42BD-826F-2F3E94FD9EF8}.Release|x86.ActiveCfg = Release|Any CPU
		{381838F3-F29D-42BD-826F-2F3E94FD9EF8}.Release|x86.Build.0 = Release|Any CPU
		{A379D6DF-18D6-4852-A3E0-9180DA02AA01}.Debug|Any CPU.ActiveCfg = Debug|Any CPU
		{A379D6DF-18D6-4852-A3E0-9180DA02AA01}.Debug|Any CPU.Build.0 = Debug|Any CPU
		{A379D6DF-18D6-4852-A3E0-9180DA02AA01}.Debug|x64.ActiveCfg = Debug|Any CPU
		{A379D6DF-18D6-4852-A3E0-9180DA02AA01}.Debug|x64.Build.0 = Debug|Any CPU
		{A379D6DF-18D6-4852-A3E0-9180DA02AA01}.Debug|x86.ActiveCfg = Debug|Any CPU
		{A379D6DF-18D6-4852-A3E0-9180DA02AA01}.Debug|x86.Build.0 = Debug|Any CPU
		{A379D6DF-18D6-4852-A3E0-9180DA02AA01}.Release|Any CPU.ActiveCfg = Release|Any CPU
		{A379D6DF-18D6-4852-A3E0-9180DA02AA01}.Release|Any CPU.Build.0 = Release|Any CPU
		{A379D6DF-18D6-4852-A3E0-9180DA02AA01}.Release|x64.ActiveCfg = Release|Any CPU
		{A379D6DF-18D6-4852-A3E0-9180DA02AA01}.Release|x64.Build.0 = Release|Any CPU
		{A379D6DF-18D6-4852-A3E0-9180DA02AA01}.Release|x86.ActiveCfg = Release|Any CPU
		{A379D6DF-18D6-4852-A3E0-9180DA02AA01}.Release|x86.Build.0 = Release|Any CPU
	EndGlobalSection
EndGlobal
